// !$*UTF8*$!
{
	archiveVersion = 1;
	classes = {
	};
	objectVersion = 50;
	objects = {

/* Begin PBXBuildFile section */
		79D4C17A248398BD00C802CC /* AppDelegate.swift in Sources */ = {isa = PBXBuildFile; fileRef = 79D4C179248398BD00C802CC /* AppDelegate.swift */; };
		79D4C17C248398BD00C802CC /* SceneDelegate.swift in Sources */ = {isa = PBXBuildFile; fileRef = 79D4C17B248398BD00C802CC /* SceneDelegate.swift */; };
		79D4C17E248398BD00C802CC /* ViewController.swift in Sources */ = {isa = PBXBuildFile; fileRef = 79D4C17D248398BD00C802CC /* ViewController.swift */; };
		79D4C181248398BD00C802CC /* Main.storyboard in Resources */ = {isa = PBXBuildFile; fileRef = 79D4C17F248398BD00C802CC /* Main.storyboard */; };
		79D4C183248398C100C802CC /* Assets.xcassets in Resources */ = {isa = PBXBuildFile; fileRef = 79D4C182248398C100C802CC /* Assets.xcassets */; };
		79D4C186248398C100C802CC /* LaunchScreen.storyboard in Resources */ = {isa = PBXBuildFile; fileRef = 79D4C184248398C100C802CC /* LaunchScreen.storyboard */; };
		79D4C18E2483AA2800C802CC /* ViewFinder.swift in Sources */ = {isa = PBXBuildFile; fileRef = 79D4C18D2483AA2800C802CC /* ViewFinder.swift */; };
		79D4C1902483AA3600C802CC /* ViewFinder.xib in Resources */ = {isa = PBXBuildFile; fileRef = 79D4C18F2483AA3600C802CC /* ViewFinder.xib */; };
/* End PBXBuildFile section */

/* Begin PBXFileReference section */
		79D4C176248398BD00C802CC /* SampleBlinkIDScanner.app */ = {isa = PBXFileReference; explicitFileType = wrapper.application; includeInIndex = 0; path = SampleBlinkIDScanner.app; sourceTree = BUILT_PRODUCTS_DIR; };
		79D4C179248398BD00C802CC /* AppDelegate.swift */ = {isa = PBXFileReference; lastKnownFileType = sourcecode.swift; path = AppDelegate.swift; sourceTree = "<group>"; };
		79D4C17B248398BD00C802CC /* SceneDelegate.swift */ = {isa = PBXFileReference; lastKnownFileType = sourcecode.swift; path = SceneDelegate.swift; sourceTree = "<group>"; };
		79D4C17D248398BD00C802CC /* ViewController.swift */ = {isa = PBXFileReference; lastKnownFileType = sourcecode.swift; path = ViewController.swift; sourceTree = "<group>"; };
		79D4C180248398BD00C802CC /* Base */ = {isa = PBXFileReference; lastKnownFileType = file.storyboard; name = Base; path = Base.lproj/Main.storyboard; sourceTree = "<group>"; };
		79D4C182248398C100C802CC /* Assets.xcassets */ = {isa = PBXFileReference; lastKnownFileType = folder.assetcatalog; path = Assets.xcassets; sourceTree = "<group>"; };
		79D4C185248398C100C802CC /* Base */ = {isa = PBXFileReference; lastKnownFileType = file.storyboard; name = Base; path = Base.lproj/LaunchScreen.storyboard; sourceTree = "<group>"; };
		79D4C187248398C100C802CC /* Info.plist */ = {isa = PBXFileReference; lastKnownFileType = text.plist.xml; path = Info.plist; sourceTree = "<group>"; };
		79D4C18D2483AA2800C802CC /* ViewFinder.swift */ = {isa = PBXFileReference; lastKnownFileType = sourcecode.swift; path = ViewFinder.swift; sourceTree = "<group>"; };
		79D4C18F2483AA3600C802CC /* ViewFinder.xib */ = {isa = PBXFileReference; lastKnownFileType = file.xib; path = ViewFinder.xib; sourceTree = "<group>"; };
/* End PBXFileReference section */

/* Begin PBXFrameworksBuildPhase section */
		79D4C173248398BD00C802CC /* Frameworks */ = {
			isa = PBXFrameworksBuildPhase;
			buildActionMask = 2147483647;
			files = (
			);
			runOnlyForDeploymentPostprocessing = 0;
		};
/* End PBXFrameworksBuildPhase section */

/* Begin PBXGroup section */
		79D4C16D248398BD00C802CC = {
			isa = PBXGroup;
			children = (
				79D4C178248398BD00C802CC /* SampleBlinkIDScanner */,
				79D4C177248398BD00C802CC /* Products */,
			);
			sourceTree = "<group>";
		};
		79D4C177248398BD00C802CC /* Products */ = {
			isa = PBXGroup;
			children = (
				79D4C176248398BD00C802CC /* SampleBlinkIDScanner.app */,
			);
			name = Products;
			sourceTree = "<group>";
		};
		79D4C178248398BD00C802CC /* SampleBlinkIDScanner */ = {
			isa = PBXGroup;
			children = (
				79D4C179248398BD00C802CC /* AppDelegate.swift */,
				79D4C17B248398BD00C802CC /* SceneDelegate.swift */,
				79D4C17D248398BD00C802CC /* ViewController.swift */,
				79D4C17F248398BD00C802CC /* Main.storyboard */,
				79D4C182248398C100C802CC /* Assets.xcassets */,
				79D4C184248398C100C802CC /* LaunchScreen.storyboard */,
				79D4C187248398C100C802CC /* Info.plist */,
				79D4C18D2483AA2800C802CC /* ViewFinder.swift */,
				79D4C18F2483AA3600C802CC /* ViewFinder.xib */,
			);
			path = SampleBlinkIDScanner;
			sourceTree = "<group>";
		};
/* End PBXGroup section */

/* Begin PBXNativeTarget section */
		79D4C175248398BD00C802CC /* SampleBlinkIDScanner */ = {
			isa = PBXNativeTarget;
			buildConfigurationList = 79D4C18A248398C100C802CC /* Build configuration list for PBXNativeTarget "SampleBlinkIDScanner" */;
			buildPhases = (
				79D4C172248398BD00C802CC /* Sources */,
				79D4C173248398BD00C802CC /* Frameworks */,
				79D4C174248398BD00C802CC /* Resources */,
			);
			buildRules = (
			);
			dependencies = (
			);
			name = SampleBlinkIDScanner;
			productName = SampleBlinkIDScanner;
			productReference = 79D4C176248398BD00C802CC /* SampleBlinkIDScanner.app */;
			productType = "com.apple.product-type.application";
		};
/* End PBXNativeTarget section */

/* Begin PBXProject section */
		79D4C16E248398BD00C802CC /* Project object */ = {
			isa = PBXProject;
			attributes = {
				LastSwiftUpdateCheck = 1130;
				LastUpgradeCheck = 1130;
				ORGANIZATIONNAME = "Cahyanto Setya Budi";
				TargetAttributes = {
					79D4C175248398BD00C802CC = {
						CreatedOnToolsVersion = 11.3.1;
					};
				};
			};
			buildConfigurationList = 79D4C171248398BD00C802CC /* Build configuration list for PBXProject "SampleBlinkIDScanner" */;
			compatibilityVersion = "Xcode 9.3";
			developmentRegion = en;
			hasScannedForEncodings = 0;
			knownRegions = (
				en,
				Base,
			);
			mainGroup = 79D4C16D248398BD00C802CC;
			productRefGroup = 79D4C177248398BD00C802CC /* Products */;
			projectDirPath = "";
			projectRoot = "";
			targets = (
				79D4C175248398BD00C802CC /* SampleBlinkIDScanner */,
			);
		};
/* End PBXProject section */

/* Begin PBXResourcesBuildPhase section */
		79D4C174248398BD00C802CC /* Resources */ = {
			isa = PBXResourcesBuildPhase;
			buildActionMask = 2147483647;
			files = (
				79D4C186248398C100C802CC /* LaunchScreen.storyboard in Resources */,
				79D4C183248398C100C802CC /* Assets.xcassets in Resources */,
				79D4C1902483AA3600C802CC /* ViewFinder.xib in Resources */,
				79D4C181248398BD00C802CC /* Main.storyboard in Resources */,
			);
			runOnlyForDeploymentPostprocessing = 0;
		};
/* End PBXResourcesBuildPhase section */

/* Begin PBXSourcesBuildPhase section */
		79D4C172248398BD00C802CC /* Sources */ = {
			isa = PBXSourcesBuildPhase;
			buildActionMask = 2147483647;
			files = (
				79D4C17E248398BD00C802CC /* ViewController.swift in Sources */,
				79D4C17A248398BD00C802CC /* AppDelegate.swift in Sources */,
				79D4C18E2483AA2800C802CC /* ViewFinder.swift in Sources */,
				79D4C17C248398BD00C802CC /* SceneDelegate.swift in Sources */,
			);
			runOnlyForDeploymentPostprocessing = 0;
		};
/* End PBXSourcesBuildPhase section */

/* Begin PBXVariantGroup section */
		79D4C17F248398BD00C802CC /* Main.storyboard */ = {
			isa = PBXVariantGroup;
			children = (
				79D4C180248398BD00C802CC /* Base */,
			);
			name = Main.storyboard;
			sourceTree = "<group>";
		};
		79D4C184248398C100C802CC /* LaunchScreen.storyboard */ = {
			isa = PBXVariantGroup;
			children = (
				79D4C185248398C100C802CC /* Base */,
			);
			name = LaunchScreen.storyboard;
			sourceTree = "<group>";
		};
/* End PBXVariantGroup section */

/* Begin XCBuildConfiguration section */
		79D4C188248398C100C802CC /* Debug */ = {
			isa = XCBuildConfiguration;
			buildSettings = {
				ALWAYS_SEARCH_USER_PATHS = NO;
				CLANG_ANALYZER_NONNULL = YES;
				CLANG_ANALYZER_NUMBER_OBJECT_CONVERSION = YES_AGGRESSIVE;
				CLANG_CXX_LANGUAGE_STANDARD = "gnu++14";
				CLANG_CXX_LIBRARY = "libc++";
				CLANG_ENABLE_MODULES = YES;
				CLANG_ENABLE_OBJC_ARC = YES;
				CLANG_ENABLE_OBJC_WEAK = YES;
				CLANG_WARN_BLOCK_CAPTURE_AUTORELEASING = YES;
				CLANG_WARN_BOOL_CONVERSION = YES;
				CLANG_WARN_COMMA = YES;
				CLANG_WARN_CONSTANT_CONVERSION = YES;
				CLANG_WARN_DEPRECATED_OBJC_IMPLEMENTATIONS = YES;
				CLANG_WARN_DIRECT_OBJC_ISA_USAGE = YES_ERROR;
				CLANG_WARN_DOCUMENTATION_COMMENTS = YES;
				CLANG_WARN_EMPTY_BODY = YES;
				CLANG_WARN_ENUM_CONVERSION = YES;
				CLANG_WARN_INFINITE_RECURSION = YES;
				CLANG_WARN_INT_CONVERSION = YES;
				CLANG_WARN_NON_LITERAL_NULL_CONVERSION = YES;
				CLANG_WARN_OBJC_IMPLICIT_RETAIN_SELF = YES;
				CLANG_WARN_OBJC_LITERAL_CONVERSION = YES;
				CLANG_WARN_OBJC_ROOT_CLASS = YES_ERROR;
				CLANG_WARN_RANGE_LOOP_ANALYSIS = YES;
				CLANG_WARN_STRICT_PROTOTYPES = YES;
				CLANG_WARN_SUSPICIOUS_MOVE = YES;
				CLANG_WARN_UNGUARDED_AVAILABILITY = YES_AGGRESSIVE;
				CLANG_WARN_UNREACHABLE_CODE = YES;
				CLANG_WARN__DUPLICATE_METHOD_MATCH = YES;
				COPY_PHASE_STRIP = NO;
				DEBUG_INFORMATION_FORMAT = dwarf;
				ENABLE_STRICT_OBJC_MSGSEND = YES;
				ENABLE_TESTABILITY = YES;
				GCC_C_LANGUAGE_STANDARD = gnu11;
				GCC_DYNAMIC_NO_PIC = NO;
				GCC_NO_COMMON_BLOCKS = YES;
				GCC_OPTIMIZATION_LEVEL = 0;
				GCC_PREPROCESSOR_DEFINITIONS = (
					"DEBUG=1",
					"$(inherited)",
				);
				GCC_WARN_64_TO_32_BIT_CONVERSION = YES;
				GCC_WARN_ABOUT_RETURN_TYPE = YES_ERROR;
				GCC_WARN_UNDECLARED_SELECTOR = YES;
				GCC_WARN_UNINITIALIZED_AUTOS = YES_AGGRESSIVE;
				GCC_WARN_UNUSED_FUNCTION = YES;
				GCC_WARN_UNUSED_VARIABLE = YES;
				IPHONEOS_DEPLOYMENT_TARGET = 13.2;
				MTL_ENABLE_DEBUG_INFO = INCLUDE_SOURCE;
				MTL_FAST_MATH = YES;
				ONLY_ACTIVE_ARCH = YES;
				SDKROOT = iphoneos;
				SWIFT_ACTIVE_COMPILATION_CONDITIONS = DEBUG;
				SWIFT_OPTIMIZATION_LEVEL = "-Onone";
			};
			name = Debug;
		};
		79D4C189248398C100C802CC /* Release */ = {
			isa = XCBuildConfiguration;
			buildSettings = {
				ALWAYS_SEARCH_USER_PATHS = NO;
				CLANG_ANALYZER_NONNULL = YES;
				CLANG_ANALYZER_NUMBER_OBJECT_CONVERSION = YES_AGGRESSIVE;
				CLANG_CXX_LANGUAGE_STANDARD = "gnu++14";
				CLANG_CXX_LIBRARY = "libc++";
				CLANG_ENABLE_MODULES = YES;
				CLANG_ENABLE_OBJC_ARC = YES;
				CLANG_ENABLE_OBJC_WEAK = YES;
				CLANG_WARN_BLOCK_CAPTURE_AUTORELEASING = YES;
				CLANG_WARN_BOOL_CONVERSION = YES;
				CLANG_WARN_COMMA = YES;
				CLANG_WARN_CONSTANT_CONVERSION = YES;
				CLANG_WARN_DEPRECATED_OBJC_IMPLEMENTATIONS = YES;
				CLANG_WARN_DIRECT_OBJC_ISA_USAGE = YES_ERROR;
				CLANG_WARN_DOCUMENTATION_COMMENTS = YES;
				CLANG_WARN_EMPTY_BODY = YES;
				CLANG_WARN_ENUM_CONVERSION = YES;
				CLANG_WARN_INFINITE_RECURSION = YES;
				CLANG_WARN_INT_CONVERSION = YES;
				CLANG_WARN_NON_LITERAL_NULL_CONVERSION = YES;
				CLANG_WARN_OBJC_IMPLICIT_RETAIN_SELF = YES;
				CLANG_WARN_OBJC_LITERAL_CONVERSION = YES;
				CLANG_WARN_OBJC_ROOT_CLASS = YES_ERROR;
				CLANG_WARN_RANGE_LOOP_ANALYSIS = YES;
				CLANG_WARN_STRICT_PROTOTYPES = YES;
				CLANG_WARN_SUSPICIOUS_MOVE = YES;
				CLANG_WARN_UNGUARDED_AVAILABILITY = YES_AGGRESSIVE;
				CLANG_WARN_UNREACHABLE_CODE = YES;
				CLANG_WARN__DUPLICATE_METHOD_MATCH = YES;
				COPY_PHASE_STRIP = NO;
				DEBUG_INFORMATION_FORMAT = "dwarf-with-dsym";
				ENABLE_NS_ASSERTIONS = NO;
				ENABLE_STRICT_OBJC_MSGSEND = YES;
				GCC_C_LANGUAGE_STANDARD = gnu11;
				GCC_NO_COMMON_BLOCKS = YES;
				GCC_WARN_64_TO_32_BIT_CONVERSION = YES;
				GCC_WARN_ABOUT_RETURN_TYPE = YES_ERROR;
				GCC_WARN_UNDECLARED_SELECTOR = YES;
				GCC_WARN_UNINITIALIZED_AUTOS = YES_AGGRESSIVE;
				GCC_WARN_UNUSED_FUNCTION = YES;
				GCC_WARN_UNUSED_VARIABLE = YES;
				IPHONEOS_DEPLOYMENT_TARGET = 13.2;
				MTL_ENABLE_DEBUG_INFO = NO;
				MTL_FAST_MATH = YES;
				SDKROOT = iphoneos;
				SWIFT_COMPILATION_MODE = wholemodule;
				SWIFT_OPTIMIZATION_LEVEL = "-O";
				VALIDATE_PRODUCT = YES;
			};
			name = Release;
		};
		79D4C18B248398C100C802CC /* Debug */ = {
			isa = XCBuildConfiguration;
			buildSettings = {
				ASSETCATALOG_COMPILER_APPICON_NAME = AppIcon;
				CODE_SIGN_STYLE = Automatic;
				DEVELOPMENT_TEAM = EAN57SDFNQ;
				INFOPLIST_FILE = SampleBlinkIDScanner/Info.plist;
				LD_RUNPATH_SEARCH_PATHS = (
					"$(inherited)",
					"@executable_path/Frameworks",
				);
				PRODUCT_BUNDLE_IDENTIFIER = cahyantosetyabudi.SampleBlinkIDScanner;
				PRODUCT_NAME = "$(TARGET_NAME)";
				SWIFT_VERSION = 5.0;
				TARGETED_DEVICE_FAMILY = "1,2";
			};
			name = Debug;
		};
		79D4C18C248398C100C802CC /* Release */ = {
			isa = XCBuildConfiguration;
			buildSettings = {
				ASSETCATALOG_COMPILER_APPICON_NAME = AppIcon;
				CODE_SIGN_STYLE = Automatic;
				DEVELOPMENT_TEAM = EAN57SDFNQ;
				INFOPLIST_FILE = SampleBlinkIDScanner/Info.plist;
				LD_RUNPATH_SEARCH_PATHS = (
					"$(inherited)",
					"@executable_path/Frameworks",
				);
				PRODUCT_BUNDLE_IDENTIFIER = cahyantosetyabudi.SampleBlinkIDScanner;
				PRODUCT_NAME = "$(TARGET_NAME)";
				SWIFT_VERSION = 5.0;
				TARGETED_DEVICE_FAMILY = "1,2";
			};
			name = Release;
		};
/* End XCBuildConfiguration section */

/* Begin XCConfigurationList section */
		79D4C171248398BD00C802CC /* Build configuration list for PBXProject "SampleBlinkIDScanner" */ = {
			isa = XCConfigurationList;
			buildConfigurations = (
				79D4C188248398C100C802CC /* Debug */,
				79D4C189248398C100C802CC /* Release */,
			);
			defaultConfigurationIsVisible = 0;
			defaultConfigurationName = Release;
		};
		79D4C18A248398C100C802CC /* Build configuration list for PBXNativeTarget "SampleBlinkIDScanner" */ = {
			isa = XCConfigurationList;
			buildConfigurations = (
				79D4C18B248398C100C802CC /* Debug */,
				79D4C18C248398C100C802CC /* Release */,
			);
			defaultConfigurationIsVisible = 0;
			defaultConfigurationName = Release;
		};
/* End XCConfigurationList section */
	};
	rootObject = 79D4C16E248398BD00C802CC /* Project object */;
}
